<?xml version="1.0" encoding="utf-8"?>
<Project ToolsVersion="4.0" xmlns="http://schemas.microsoft.com/developer/msbuild/2003">
  <ItemGroup>
    <Filter Include="Prometheus">
      <UniqueIdentifier>{519E8383-3D56-C5D0-A65D-9E2C923460C1}</UniqueIdentifier>
    </Filter>
  </ItemGroup>
  <ItemGroup>
    <ClInclude Include="src\Prometheus.h" />
    <ClInclude Include="src\Prometheus\Application.h">
      <Filter>Prometheus</Filter>
    </ClInclude>
    <ClInclude Include="src\Prometheus\Core.h">
      <Filter>Prometheus</Filter>
    </ClInclude>
    <ClInclude Include="src\Prometheus\EntryPoint.h">
      <Filter>Prometheus</Filter>
    </ClInclude>
    <ClInclude Include="src\Prometheus\Log.h">
      <Filter>Prometheus</Filter>
    </ClInclude>
  </ItemGroup>
  <ItemGroup>
    <ClCompile Include="src\Prometheus\Application.cpp">
      <Filter>Prometheus</Filter>
    </ClCompile>
    <ClCompile Include="src\Prometheus\Log.cpp">
      <Filter>Prometheus</Filter>
    </ClCompile>
  </ItemGroup>
</Project>