<?xml version="1.0" encoding="utf-8"?>
<Project ToolsVersion="4.0" xmlns="http://schemas.microsoft.com/developer/msbuild/2003">
  <ItemGroup>
    <Filter Include="Prometheus">
      <UniqueIdentifier>{519E8383-3D56-C5D0-A65D-9E2C923460C1}</UniqueIdentifier>
    </Filter>
    <Filter Include="Prometheus\Events">
      <UniqueIdentifier>{15E5CF3F-81FB-CDD5-CA72-59F736C89E5D}</UniqueIdentifier>
    </Filter>
    <Filter Include="Prometheus\ImGui">
      <UniqueIdentifier>{3BCC7719-27C5-966B-50F7-7BF03C4F7677}</UniqueIdentifier>
    </Filter>
    <Filter Include="Prometheus\Platform">
      <UniqueIdentifier>{C5857B8F-31E7-589D-BA54-9F4F26B58F5C}</UniqueIdentifier>
    </Filter>
    <Filter Include="Prometheus\Platform\OpenGL">
      <UniqueIdentifier>{595FB9DB-456F-65AC-AE28-CACA9A575445}</UniqueIdentifier>
    </Filter>
    <Filter Include="Prometheus\Platform\Windows">
      <UniqueIdentifier>{FF2401AB-6B32-2F91-F418-2B7C6025FB47}</UniqueIdentifier>
    </Filter>
    <Filter Include="Prometheus\Renderer">
      <UniqueIdentifier>{178D586A-83EE-3578-0C5C-7C2A78BC6C37}</UniqueIdentifier>
    </Filter>
  </ItemGroup>
  <ItemGroup>
    <ClInclude Include="src\Prometheus.h" />
    <ClInclude Include="src\Prometheus\Application.h">
      <Filter>Prometheus</Filter>
    </ClInclude>
    <ClInclude Include="src\Prometheus\Core.h">
      <Filter>Prometheus</Filter>
    </ClInclude>
    <ClInclude Include="src\Prometheus\EntryPoint.h">
      <Filter>Prometheus</Filter>
    </ClInclude>
    <ClInclude Include="src\Prometheus\Events\ApplicationEvent.h">
      <Filter>Prometheus\Events</Filter>
    </ClInclude>
    <ClInclude Include="src\Prometheus\Events\Event.h">
      <Filter>Prometheus\Events</Filter>
    </ClInclude>
    <ClInclude Include="src\Prometheus\Events\KeyEvent.h">
      <Filter>Prometheus\Events</Filter>
    </ClInclude>
    <ClInclude Include="src\Prometheus\Events\MouseEvent.h">
      <Filter>Prometheus\Events</Filter>
    </ClInclude>
    <ClInclude Include="src\Prometheus\ImGui\ImGuiLayer.h">
      <Filter>Prometheus\ImGui</Filter>
    </ClInclude>
    <ClInclude Include="src\Prometheus\Input.h">
      <Filter>Prometheus</Filter>
    </ClInclude>
    <ClInclude Include="src\Prometheus\KeyCodes.h">
      <Filter>Prometheus</Filter>
    </ClInclude>
    <ClInclude Include="src\Prometheus\Layer.h">
      <Filter>Prometheus</Filter>
    </ClInclude>
    <ClInclude Include="src\Prometheus\LayerStack.h">
      <Filter>Prometheus</Filter>
    </ClInclude>
    <ClInclude Include="src\Prometheus\Log.h">
      <Filter>Prometheus</Filter>
    </ClInclude>
    <ClInclude Include="src\Prometheus\MouseButtonCodes.h">
      <Filter>Prometheus</Filter>
    </ClInclude>
    <ClInclude Include="src\Prometheus\Platform\OpenGL\OpenGLContext.h">
      <Filter>Prometheus\Platform\OpenGL</Filter>
    </ClInclude>
    <ClInclude Include="src\Prometheus\Platform\Windows\WindowsInput.h">
      <Filter>Prometheus\Platform\Windows</Filter>
    </ClInclude>
    <ClInclude Include="src\Prometheus\Platform\Windows\WindowsWindow.h">
      <Filter>Prometheus\Platform\Windows</Filter>
    </ClInclude>
    <ClInclude Include="src\Prometheus\Renderer\GraphicsContext.h">
      <Filter>Prometheus\Renderer</Filter>
    </ClInclude>
    <ClInclude Include="src\Prometheus\Renderer\Shader.h">
      <Filter>Prometheus\Renderer</Filter>
    </ClInclude>
    <ClInclude Include="src\Prometheus\Window.h">
      <Filter>Prometheus</Filter>
    </ClInclude>
    <ClInclude Include="src\pmpch.h" />
    <ClInclude Include="src\Prometheus\Renderer\Buffer.h" />
    <ClInclude Include="src\Prometheus\Platform\OpenGL\OpenGLBuffer.h" />
    <ClInclude Include="src\Prometheus\Renderer\Renderer.h" />
    <ClInclude Include="src\Prometheus\Renderer\VertexArray.h" />
    <ClInclude Include="src\Prometheus\Platform\OpenGL\OpenGLVertexArray.h" />
  </ItemGroup>
  <ItemGroup>
    <ClCompile Include="src\Prometheus\Application.cpp">
      <Filter>Prometheus</Filter>
    </ClCompile>
    <ClCompile Include="src\Prometheus\ImGui\ImGuiBuild.cpp">
      <Filter>Prometheus\ImGui</Filter>
    </ClCompile>
    <ClCompile Include="src\Prometheus\ImGui\ImGuiLayer.cpp">
      <Filter>Prometheus\ImGui</Filter>
    </ClCompile>
    <ClCompile Include="src\Prometheus\Layer.cpp">
      <Filter>Prometheus</Filter>
    </ClCompile>
    <ClCompile Include="src\Prometheus\LayerStack.cpp">
      <Filter>Prometheus</Filter>
    </ClCompile>
    <ClCompile Include="src\Prometheus\Log.cpp">
      <Filter>Prometheus</Filter>
    </ClCompile>
    <ClCompile Include="src\Prometheus\Platform\OpenGL\OpenGLContext.cpp">
      <Filter>Prometheus\Platform\OpenGL</Filter>
    </ClCompile>
    <ClCompile Include="src\Prometheus\Platform\Windows\WindowsInput.cpp">
      <Filter>Prometheus\Platform\Windows</Filter>
    </ClCompile>
    <ClCompile Include="src\Prometheus\Platform\Windows\WindowsWindow.cpp">
      <Filter>Prometheus\Platform\Windows</Filter>
    </ClCompile>
    <ClCompile Include="src\Prometheus\Renderer\Shader.cpp">
      <Filter>Prometheus\Renderer</Filter>
    </ClCompile>
    <ClCompile Include="src\pmpch.cpp" />
    <ClCompile Include="src\Prometheus\Renderer\Buffer.cpp" />
    <ClCompile Include="src\Prometheus\Platform\OpenGL\OpenGLBuffer.cpp" />
    <ClCompile Include="src\Prometheus\Renderer\Renderer.cpp" />
    <ClCompile Include="src\Prometheus\Renderer\VertexArray.cpp" />
    <ClCompile Include="src\Prometheus\Platform\OpenGL\OpenGLVertexArray.cpp" />
  </ItemGroup>
</Project>